// !$*UTF8*$!
{
	archiveVersion = 1;
	classes = {
	};
	objectVersion = 46;
	objects = {

/* Begin PBXBuildFile section */
		352ADE6D19DA75E10010853C /* FacebookSDK.framework in Frameworks */ = {isa = PBXBuildFile; fileRef = 352ADE6B19DA75E10010853C /* FacebookSDK.framework */; };
		352ADE6E19DA75E10010853C /* ParseFacebookUtils.framework in Frameworks */ = {isa = PBXBuildFile; fileRef = 352ADE6C19DA75E10010853C /* ParseFacebookUtils.framework */; };
		352ADE7619DA779E0010853C /* coptest.PNG in Resources */ = {isa = PBXBuildFile; fileRef = 352ADE7019DA779E0010853C /* coptest.PNG */; };
		352ADE7719DA779E0010853C /* everycopLogo.png in Resources */ = {isa = PBXBuildFile; fileRef = 352ADE7119DA779E0010853C /* everycopLogo.png */; };
		352ADE7819DA779E0010853C /* fbLogo.png in Resources */ = {isa = PBXBuildFile; fileRef = 352ADE7219DA779E0010853C /* fbLogo.png */; };
		352ADE7919DA779E0010853C /* icon.png in Resources */ = {isa = PBXBuildFile; fileRef = 352ADE7319DA779E0010853C /* icon.png */; };
		352ADE7A19DA779E0010853C /* Seattle-police-shield.png in Resources */ = {isa = PBXBuildFile; fileRef = 352ADE7419DA779E0010853C /* Seattle-police-shield.png */; };
		352ADE7B19DA779E0010853C /* Twitter_logo_blue.png in Resources */ = {isa = PBXBuildFile; fileRef = 352ADE7519DA779E0010853C /* Twitter_logo_blue.png */; };
		35B3775919CE5DA200255543 /* Bolts.framework in Frameworks */ = {isa = PBXBuildFile; fileRef = 35B3775719CE5DA200255543 /* Bolts.framework */; };
		35B3775A19CE5DA200255543 /* Parse.framework in Frameworks */ = {isa = PBXBuildFile; fileRef = 35B3775819CE5DA200255543 /* Parse.framework */; };
		35B3776419CE5E1100255543 /* AudioToolbox.framework in Frameworks */ = {isa = PBXBuildFile; fileRef = 35B3775B19CE5E1100255543 /* AudioToolbox.framework */; };
		35B3776519CE5E1100255543 /* CFNetwork.framework in Frameworks */ = {isa = PBXBuildFile; fileRef = 35B3775C19CE5E1100255543 /* CFNetwork.framework */; };
		35B3776619CE5E1100255543 /* CoreLocation.framework in Frameworks */ = {isa = PBXBuildFile; fileRef = 35B3775D19CE5E1100255543 /* CoreLocation.framework */; };
		35B3776719CE5E1100255543 /* libz.dylib in Frameworks */ = {isa = PBXBuildFile; fileRef = 35B3775E19CE5E1100255543 /* libz.dylib */; };
		35B3776819CE5E1100255543 /* MobileCoreServices.framework in Frameworks */ = {isa = PBXBuildFile; fileRef = 35B3775F19CE5E1100255543 /* MobileCoreServices.framework */; };
		35B3776919CE5E1100255543 /* QuartzCore.framework in Frameworks */ = {isa = PBXBuildFile; fileRef = 35B3776019CE5E1100255543 /* QuartzCore.framework */; };
		35B3776A19CE5E1100255543 /* Security.framework in Frameworks */ = {isa = PBXBuildFile; fileRef = 35B3776119CE5E1100255543 /* Security.framework */; };
		35B3776C19CE5E1100255543 /* SystemConfiguration.framework in Frameworks */ = {isa = PBXBuildFile; fileRef = 35B3776319CE5E1100255543 /* SystemConfiguration.framework */; };
		35B3776F19CE95B500255543 /* LandingPageMapPinView.m in Sources */ = {isa = PBXBuildFile; fileRef = 35B3776E19CE95B500255543 /* LandingPageMapPinView.m */; };
		35E9105619CF36D2004D6078 /* SplashScreenViewController.m in Sources */ = {isa = PBXBuildFile; fileRef = 35E9105519CF36D2004D6078 /* SplashScreenViewController.m */; };
		5C14EE3719CE1405001295D0 /* Foundation.framework in Frameworks */ = {isa = PBXBuildFile; fileRef = 5C14EE3619CE1405001295D0 /* Foundation.framework */; };
		5C14EE3919CE1405001295D0 /* CoreGraphics.framework in Frameworks */ = {isa = PBXBuildFile; fileRef = 5C14EE3819CE1405001295D0 /* CoreGraphics.framework */; };
		5C14EE3B19CE1405001295D0 /* UIKit.framework in Frameworks */ = {isa = PBXBuildFile; fileRef = 5C14EE3A19CE1405001295D0 /* UIKit.framework */; };
		5C14EE4119CE1405001295D0 /* InfoPlist.strings in Resources */ = {isa = PBXBuildFile; fileRef = 5C14EE3F19CE1405001295D0 /* InfoPlist.strings */; };
		5C14EE4319CE1405001295D0 /* main.m in Sources */ = {isa = PBXBuildFile; fileRef = 5C14EE4219CE1405001295D0 /* main.m */; };
		5C14EE4719CE1405001295D0 /* AppDelegate.m in Sources */ = {isa = PBXBuildFile; fileRef = 5C14EE4619CE1405001295D0 /* AppDelegate.m */; };
		5C14EE4A19CE1405001295D0 /* Main.storyboard in Resources */ = {isa = PBXBuildFile; fileRef = 5C14EE4819CE1405001295D0 /* Main.storyboard */; };
		5C14EE4D19CE1405001295D0 /* LandingPageViewController.m in Sources */ = {isa = PBXBuildFile; fileRef = 5C14EE4C19CE1405001295D0 /* LandingPageViewController.m */; };
		5C14EE4F19CE1405001295D0 /* Images.xcassets in Resources */ = {isa = PBXBuildFile; fileRef = 5C14EE4E19CE1405001295D0 /* Images.xcassets */; };
		5C14EE6C19CE178F001295D0 /* MapKit.framework in Frameworks */ = {isa = PBXBuildFile; fileRef = 5C14EE6B19CE178F001295D0 /* MapKit.framework */; };
		5C14EE7519CE31BB001295D0 /* LandingPageListTableViewCell.m in Sources */ = {isa = PBXBuildFile; fileRef = 5C14EE7419CE31BB001295D0 /* LandingPageListTableViewCell.m */; };
		5C14EE7819CE4533001295D0 /* IncidentSubmissionViewController.m in Sources */ = {isa = PBXBuildFile; fileRef = 5C14EE7719CE4533001295D0 /* IncidentSubmissionViewController.m */; };
		5C34D56219CE971800D0D0BB /* IncidentReportViewController.m in Sources */ = {isa = PBXBuildFile; fileRef = 5C34D56119CE971800D0D0BB /* IncidentReportViewController.m */; };
		5C34D56519CEA5EB00D0D0BB /* CopReportViewController.m in Sources */ = {isa = PBXBuildFile; fileRef = 5C34D56419CEA5EB00D0D0BB /* CopReportViewController.m */; };
		5C6509CC19DBD01F00DAF53F /* Accounts.framework in Frameworks */ = {isa = PBXBuildFile; fileRef = 5C6509CB19DBD01F00DAF53F /* Accounts.framework */; };
		5C6509CE19DBD03200DAF53F /* Social.framework in Frameworks */ = {isa = PBXBuildFile; fileRef = 5C6509CD19DBD03200DAF53F /* Social.framework */; };
/* End PBXBuildFile section */

/* Begin PBXFileReference section */
		352ADE6819DA6C740010853C /* ParseFacebookUtils.framework */ = {isa = PBXFileReference; lastKnownFileType = wrapper.framework; name = ParseFacebookUtils.framework; path = "../../../Downloads/parse-library-1.4.0/ParseFacebookUtils.framework"; sourceTree = "<group>"; };
		352ADE6B19DA75E10010853C /* FacebookSDK.framework */ = {isa = PBXFileReference; lastKnownFileType = wrapper.framework; path = FacebookSDK.framework; sourceTree = "<group>"; };
		352ADE6C19DA75E10010853C /* ParseFacebookUtils.framework */ = {isa = PBXFileReference; lastKnownFileType = wrapper.framework; path = ParseFacebookUtils.framework; sourceTree = "<group>"; };
		352ADE7019DA779E0010853C /* coptest.PNG */ = {isa = PBXFileReference; lastKnownFileType = image.png; name = coptest.PNG; path = Assets/coptest.PNG; sourceTree = "<group>"; };
		352ADE7119DA779E0010853C /* everycopLogo.png */ = {isa = PBXFileReference; lastKnownFileType = image.png; name = everycopLogo.png; path = Assets/everycopLogo.png; sourceTree = "<group>"; };
		352ADE7219DA779E0010853C /* fbLogo.png */ = {isa = PBXFileReference; lastKnownFileType = image.png; name = fbLogo.png; path = Assets/fbLogo.png; sourceTree = "<group>"; };
		352ADE7319DA779E0010853C /* icon.png */ = {isa = PBXFileReference; lastKnownFileType = image.png; name = icon.png; path = Assets/icon.png; sourceTree = "<group>"; };
		352ADE7419DA779E0010853C /* Seattle-police-shield.png */ = {isa = PBXFileReference; lastKnownFileType = image.png; name = "Seattle-police-shield.png"; path = "Assets/Seattle-police-shield.png"; sourceTree = "<group>"; };
		352ADE7519DA779E0010853C /* Twitter_logo_blue.png */ = {isa = PBXFileReference; lastKnownFileType = image.png; name = Twitter_logo_blue.png; path = Assets/Twitter_logo_blue.png; sourceTree = "<group>"; };
		35B3775719CE5DA200255543 /* Bolts.framework */ = {isa = PBXFileReference; lastKnownFileType = wrapper.framework; path = Bolts.framework; sourceTree = "<group>"; };
		35B3775819CE5DA200255543 /* Parse.framework */ = {isa = PBXFileReference; lastKnownFileType = wrapper.framework; path = Parse.framework; sourceTree = "<group>"; };
		35B3775B19CE5E1100255543 /* AudioToolbox.framework */ = {isa = PBXFileReference; lastKnownFileType = wrapper.framework; name = AudioToolbox.framework; path = System/Library/Frameworks/AudioToolbox.framework; sourceTree = SDKROOT; };
		35B3775C19CE5E1100255543 /* CFNetwork.framework */ = {isa = PBXFileReference; lastKnownFileType = wrapper.framework; name = CFNetwork.framework; path = System/Library/Frameworks/CFNetwork.framework; sourceTree = SDKROOT; };
		35B3775D19CE5E1100255543 /* CoreLocation.framework */ = {isa = PBXFileReference; lastKnownFileType = wrapper.framework; name = CoreLocation.framework; path = System/Library/Frameworks/CoreLocation.framework; sourceTree = SDKROOT; };
		35B3775E19CE5E1100255543 /* libz.dylib */ = {isa = PBXFileReference; lastKnownFileType = "compiled.mach-o.dylib"; name = libz.dylib; path = usr/lib/libz.dylib; sourceTree = SDKROOT; };
		35B3775F19CE5E1100255543 /* MobileCoreServices.framework */ = {isa = PBXFileReference; lastKnownFileType = wrapper.framework; name = MobileCoreServices.framework; path = System/Library/Frameworks/MobileCoreServices.framework; sourceTree = SDKROOT; };
		35B3776019CE5E1100255543 /* QuartzCore.framework */ = {isa = PBXFileReference; lastKnownFileType = wrapper.framework; name = QuartzCore.framework; path = System/Library/Frameworks/QuartzCore.framework; sourceTree = SDKROOT; };
		35B3776119CE5E1100255543 /* Security.framework */ = {isa = PBXFileReference; lastKnownFileType = wrapper.framework; name = Security.framework; path = System/Library/Frameworks/Security.framework; sourceTree = SDKROOT; };
		35B3776319CE5E1100255543 /* SystemConfiguration.framework */ = {isa = PBXFileReference; lastKnownFileType = wrapper.framework; name = SystemConfiguration.framework; path = System/Library/Frameworks/SystemConfiguration.framework; sourceTree = SDKROOT; };
		35B3776D19CE95B500255543 /* LandingPageMapPinView.h */ = {isa = PBXFileReference; fileEncoding = 4; lastKnownFileType = sourcecode.c.h; path = LandingPageMapPinView.h; sourceTree = "<group>"; };
		35B3776E19CE95B500255543 /* LandingPageMapPinView.m */ = {isa = PBXFileReference; fileEncoding = 4; lastKnownFileType = sourcecode.c.objc; path = LandingPageMapPinView.m; sourceTree = "<group>"; };
		35E9105419CF36D1004D6078 /* SplashScreenViewController.h */ = {isa = PBXFileReference; fileEncoding = 4; lastKnownFileType = sourcecode.c.h; path = SplashScreenViewController.h; sourceTree = "<group>"; };
		35E9105519CF36D2004D6078 /* SplashScreenViewController.m */ = {isa = PBXFileReference; fileEncoding = 4; lastKnownFileType = sourcecode.c.objc; path = SplashScreenViewController.m; sourceTree = "<group>"; };
		35E9105F19D8E5DB004D6078 /* FacebookSDK.framework */ = {isa = PBXFileReference; lastKnownFileType = wrapper.framework; name = FacebookSDK.framework; path = ../../../Documents/FacebookSDK/FacebookSDK.framework; sourceTree = "<group>"; };
		5C14EE3319CE1405001295D0 /* EveryCop.app */ = {isa = PBXFileReference; explicitFileType = wrapper.application; includeInIndex = 0; path = EveryCop.app; sourceTree = BUILT_PRODUCTS_DIR; };
		5C14EE3619CE1405001295D0 /* Foundation.framework */ = {isa = PBXFileReference; lastKnownFileType = wrapper.framework; name = Foundation.framework; path = System/Library/Frameworks/Foundation.framework; sourceTree = SDKROOT; };
		5C14EE3819CE1405001295D0 /* CoreGraphics.framework */ = {isa = PBXFileReference; lastKnownFileType = wrapper.framework; name = CoreGraphics.framework; path = System/Library/Frameworks/CoreGraphics.framework; sourceTree = SDKROOT; };
		5C14EE3A19CE1405001295D0 /* UIKit.framework */ = {isa = PBXFileReference; lastKnownFileType = wrapper.framework; name = UIKit.framework; path = System/Library/Frameworks/UIKit.framework; sourceTree = SDKROOT; };
		5C14EE3E19CE1405001295D0 /* EveryCop-Info.plist */ = {isa = PBXFileReference; lastKnownFileType = text.plist.xml; path = "EveryCop-Info.plist"; sourceTree = "<group>"; };
		5C14EE4019CE1405001295D0 /* en */ = {isa = PBXFileReference; lastKnownFileType = text.plist.strings; name = en; path = en.lproj/InfoPlist.strings; sourceTree = "<group>"; };
		5C14EE4219CE1405001295D0 /* main.m */ = {isa = PBXFileReference; lastKnownFileType = sourcecode.c.objc; path = main.m; sourceTree = "<group>"; };
		5C14EE4419CE1405001295D0 /* EveryCop-Prefix.pch */ = {isa = PBXFileReference; lastKnownFileType = sourcecode.c.h; path = "EveryCop-Prefix.pch"; sourceTree = "<group>"; };
		5C14EE4519CE1405001295D0 /* AppDelegate.h */ = {isa = PBXFileReference; lastKnownFileType = sourcecode.c.h; path = AppDelegate.h; sourceTree = "<group>"; };
		5C14EE4619CE1405001295D0 /* AppDelegate.m */ = {isa = PBXFileReference; lastKnownFileType = sourcecode.c.objc; path = AppDelegate.m; sourceTree = "<group>"; };
		5C14EE4919CE1405001295D0 /* Base */ = {isa = PBXFileReference; lastKnownFileType = file.storyboard; name = Base; path = Base.lproj/Main.storyboard; sourceTree = "<group>"; };
		5C14EE4B19CE1405001295D0 /* LandingPageViewController.h */ = {isa = PBXFileReference; lastKnownFileType = sourcecode.c.h; path = LandingPageViewController.h; sourceTree = "<group>"; };
		5C14EE4C19CE1405001295D0 /* LandingPageViewController.m */ = {isa = PBXFileReference; lastKnownFileType = sourcecode.c.objc; path = LandingPageViewController.m; sourceTree = "<group>"; };
		5C14EE4E19CE1405001295D0 /* Images.xcassets */ = {isa = PBXFileReference; lastKnownFileType = folder.assetcatalog; path = Images.xcassets; sourceTree = "<group>"; };
		5C14EE6B19CE178F001295D0 /* MapKit.framework */ = {isa = PBXFileReference; lastKnownFileType = wrapper.framework; name = MapKit.framework; path = System/Library/Frameworks/MapKit.framework; sourceTree = SDKROOT; };
		5C14EE7319CE31BB001295D0 /* LandingPageListTableViewCell.h */ = {isa = PBXFileReference; fileEncoding = 4; lastKnownFileType = sourcecode.c.h; path = LandingPageListTableViewCell.h; sourceTree = "<group>"; };
		5C14EE7419CE31BB001295D0 /* LandingPageListTableViewCell.m */ = {isa = PBXFileReference; fileEncoding = 4; lastKnownFileType = sourcecode.c.objc; path = LandingPageListTableViewCell.m; sourceTree = "<group>"; };
		5C14EE7619CE4533001295D0 /* IncidentSubmissionViewController.h */ = {isa = PBXFileReference; fileEncoding = 4; lastKnownFileType = sourcecode.c.h; path = IncidentSubmissionViewController.h; sourceTree = "<group>"; };
		5C14EE7719CE4533001295D0 /* IncidentSubmissionViewController.m */ = {isa = PBXFileReference; fileEncoding = 4; lastKnownFileType = sourcecode.c.objc; path = IncidentSubmissionViewController.m; sourceTree = "<group>"; };
		5C34D56019CE971800D0D0BB /* IncidentReportViewController.h */ = {isa = PBXFileReference; fileEncoding = 4; lastKnownFileType = sourcecode.c.h; path = IncidentReportViewController.h; sourceTree = "<group>"; };
		5C34D56119CE971800D0D0BB /* IncidentReportViewController.m */ = {isa = PBXFileReference; fileEncoding = 4; lastKnownFileType = sourcecode.c.objc; path = IncidentReportViewController.m; sourceTree = "<group>"; };
		5C34D56319CEA5EB00D0D0BB /* CopReportViewController.h */ = {isa = PBXFileReference; fileEncoding = 4; lastKnownFileType = sourcecode.c.h; path = CopReportViewController.h; sourceTree = "<group>"; };
		5C34D56419CEA5EB00D0D0BB /* CopReportViewController.m */ = {isa = PBXFileReference; fileEncoding = 4; lastKnownFileType = sourcecode.c.objc; path = CopReportViewController.m; sourceTree = "<group>"; };
		5C6509CB19DBD01F00DAF53F /* Accounts.framework */ = {isa = PBXFileReference; lastKnownFileType = wrapper.framework; name = Accounts.framework; path = System/Library/Frameworks/Accounts.framework; sourceTree = SDKROOT; };
		5C6509CD19DBD03200DAF53F /* Social.framework */ = {isa = PBXFileReference; lastKnownFileType = wrapper.framework; name = Social.framework; path = System/Library/Frameworks/Social.framework; sourceTree = SDKROOT; };
/* End PBXFileReference section */

/* Begin PBXFrameworksBuildPhase section */
		5C14EE3019CE1405001295D0 /* Frameworks */ = {
			isa = PBXFrameworksBuildPhase;
			buildActionMask = 2147483647;
			files = (
				5C6509CE19DBD03200DAF53F /* Social.framework in Frameworks */,
				5C6509CC19DBD01F00DAF53F /* Accounts.framework in Frameworks */,
				352ADE6D19DA75E10010853C /* FacebookSDK.framework in Frameworks */,
				352ADE6E19DA75E10010853C /* ParseFacebookUtils.framework in Frameworks */,
				35B3776819CE5E1100255543 /* MobileCoreServices.framework in Frameworks */,
				35B3776419CE5E1100255543 /* AudioToolbox.framework in Frameworks */,
				35B3776519CE5E1100255543 /* CFNetwork.framework in Frameworks */,
				35B3776619CE5E1100255543 /* CoreLocation.framework in Frameworks */,
				35B3776719CE5E1100255543 /* libz.dylib in Frameworks */,
				35B3776919CE5E1100255543 /* QuartzCore.framework in Frameworks */,
				35B3776A19CE5E1100255543 /* Security.framework in Frameworks */,
				35B3776C19CE5E1100255543 /* SystemConfiguration.framework in Frameworks */,
				5C14EE3919CE1405001295D0 /* CoreGraphics.framework in Frameworks */,
				35B3775919CE5DA200255543 /* Bolts.framework in Frameworks */,
				5C14EE6C19CE178F001295D0 /* MapKit.framework in Frameworks */,
				5C14EE3B19CE1405001295D0 /* UIKit.framework in Frameworks */,
				35B3775A19CE5DA200255543 /* Parse.framework in Frameworks */,
				5C14EE3719CE1405001295D0 /* Foundation.framework in Frameworks */,
			);
			runOnlyForDeploymentPostprocessing = 0;
		};
/* End PBXFrameworksBuildPhase section */

/* Begin PBXGroup section */
		352ADE6F19DA778E0010853C /* Assets */ = {
			isa = PBXGroup;
			children = (
				352ADE7019DA779E0010853C /* coptest.PNG */,
				352ADE7119DA779E0010853C /* everycopLogo.png */,
				352ADE7219DA779E0010853C /* fbLogo.png */,
				352ADE7319DA779E0010853C /* icon.png */,
				352ADE7419DA779E0010853C /* Seattle-police-shield.png */,
				352ADE7519DA779E0010853C /* Twitter_logo_blue.png */,
			);
			name = Assets;
			sourceTree = "<group>";
		};
		5C14EE2A19CE1405001295D0 = {
			isa = PBXGroup;
			children = (
				352ADE6F19DA778E0010853C /* Assets */,
				5C14EE3C19CE1405001295D0 /* EveryCop */,
				5C14EE3519CE1405001295D0 /* Frameworks */,
				5C14EE3419CE1405001295D0 /* Products */,
			);
			sourceTree = "<group>";
		};
		5C14EE3419CE1405001295D0 /* Products */ = {
			isa = PBXGroup;
			children = (
				5C14EE3319CE1405001295D0 /* EveryCop.app */,
			);
			name = Products;
			sourceTree = "<group>";
		};
		5C14EE3519CE1405001295D0 /* Frameworks */ = {
			isa = PBXGroup;
			children = (
				5C6509CD19DBD03200DAF53F /* Social.framework */,
				5C6509CB19DBD01F00DAF53F /* Accounts.framework */,
				352ADE6B19DA75E10010853C /* FacebookSDK.framework */,
				352ADE6C19DA75E10010853C /* ParseFacebookUtils.framework */,
				352ADE6819DA6C740010853C /* ParseFacebookUtils.framework */,
				35B3775B19CE5E1100255543 /* AudioToolbox.framework */,
				35B3775719CE5DA200255543 /* Bolts.framework */,
				35B3775C19CE5E1100255543 /* CFNetwork.framework */,
				5C14EE3819CE1405001295D0 /* CoreGraphics.framework */,
				35B3775D19CE5E1100255543 /* CoreLocation.framework */,
				35E9105F19D8E5DB004D6078 /* FacebookSDK.framework */,
				5C14EE3619CE1405001295D0 /* Foundation.framework */,
				35B3775E19CE5E1100255543 /* libz.dylib */,
				5C14EE6B19CE178F001295D0 /* MapKit.framework */,
				35B3775F19CE5E1100255543 /* MobileCoreServices.framework */,
				35B3775819CE5DA200255543 /* Parse.framework */,
				35B3776019CE5E1100255543 /* QuartzCore.framework */,
				35B3776119CE5E1100255543 /* Security.framework */,
				35B3776319CE5E1100255543 /* SystemConfiguration.framework */,
				5C14EE3A19CE1405001295D0 /* UIKit.framework */,
			);
			name = Frameworks;
			sourceTree = "<group>";
		};
		5C14EE3C19CE1405001295D0 /* EveryCop */ = {
			isa = PBXGroup;
			children = (
				5C14EE4519CE1405001295D0 /* AppDelegate.h */,
				5C14EE4619CE1405001295D0 /* AppDelegate.m */,
				5C34D56319CEA5EB00D0D0BB /* CopReportViewController.h */,
				5C34D56419CEA5EB00D0D0BB /* CopReportViewController.m */,
				5C34D56019CE971800D0D0BB /* IncidentReportViewController.h */,
				5C34D56119CE971800D0D0BB /* IncidentReportViewController.m */,
				5C14EE7619CE4533001295D0 /* IncidentSubmissionViewController.h */,
				5C14EE7719CE4533001295D0 /* IncidentSubmissionViewController.m */,
				5C14EE7319CE31BB001295D0 /* LandingPageListTableViewCell.h */,
				5C14EE7419CE31BB001295D0 /* LandingPageListTableViewCell.m */,
				35B3776D19CE95B500255543 /* LandingPageMapPinView.h */,
				35B3776E19CE95B500255543 /* LandingPageMapPinView.m */,
				5C14EE4B19CE1405001295D0 /* LandingPageViewController.h */,
				5C14EE4C19CE1405001295D0 /* LandingPageViewController.m */,
				35E9105419CF36D1004D6078 /* SplashScreenViewController.h */,
				35E9105519CF36D2004D6078 /* SplashScreenViewController.m */,
				5C14EE3D19CE1405001295D0 /* Supporting Files */,
			);
			path = EveryCop;
			sourceTree = "<group>";
		};
		5C14EE3D19CE1405001295D0 /* Supporting Files */ = {
			isa = PBXGroup;
			children = (
				5C14EE3E19CE1405001295D0 /* EveryCop-Info.plist */,
				5C14EE4419CE1405001295D0 /* EveryCop-Prefix.pch */,
				5C14EE4E19CE1405001295D0 /* Images.xcassets */,
				5C14EE3F19CE1405001295D0 /* InfoPlist.strings */,
				5C14EE4219CE1405001295D0 /* main.m */,
				5C14EE4819CE1405001295D0 /* Main.storyboard */,
			);
			name = "Supporting Files";
			sourceTree = "<group>";
		};
/* End PBXGroup section */

/* Begin PBXNativeTarget section */
		5C14EE3219CE1405001295D0 /* EveryCop */ = {
			isa = PBXNativeTarget;
			buildConfigurationList = 5C14EE6519CE1406001295D0 /* Build configuration list for PBXNativeTarget "EveryCop" */;
			buildPhases = (
				5C14EE2F19CE1405001295D0 /* Sources */,
				5C14EE3019CE1405001295D0 /* Frameworks */,
				5C14EE3119CE1405001295D0 /* Resources */,
			);
			buildRules = (
			);
			dependencies = (
			);
			name = EveryCop;
			productName = EveryCop;
			productReference = 5C14EE3319CE1405001295D0 /* EveryCop.app */;
			productType = "com.apple.product-type.application";
		};
/* End PBXNativeTarget section */

/* Begin PBXProject section */
		5C14EE2B19CE1405001295D0 /* Project object */ = {
			isa = PBXProject;
			attributes = {
				LastUpgradeCheck = 0510;
				ORGANIZATIONNAME = PoliceTracker;
				TargetAttributes = {
					5C14EE3219CE1405001295D0 = {
						DevelopmentTeam = BWWUY5Y235;
						SystemCapabilities = {
							com.apple.InAppPurchase = {
								enabled = 0;
							};
						};
					};
				};
			};
			buildConfigurationList = 5C14EE2E19CE1405001295D0 /* Build configuration list for PBXProject "EveryCop" */;
			compatibilityVersion = "Xcode 3.2";
			developmentRegion = English;
			hasScannedForEncodings = 0;
			knownRegions = (
				en,
				Base,
			);
			mainGroup = 5C14EE2A19CE1405001295D0;
			productRefGroup = 5C14EE3419CE1405001295D0 /* Products */;
			projectDirPath = "";
			projectRoot = "";
			targets = (
				5C14EE3219CE1405001295D0 /* EveryCop */,
			);
		};
/* End PBXProject section */

/* Begin PBXResourcesBuildPhase section */
		5C14EE3119CE1405001295D0 /* Resources */ = {
			isa = PBXResourcesBuildPhase;
			buildActionMask = 2147483647;
			files = (
				352ADE7919DA779E0010853C /* icon.png in Resources */,
				5C14EE4F19CE1405001295D0 /* Images.xcassets in Resources */,
				352ADE7819DA779E0010853C /* fbLogo.png in Resources */,
				352ADE7619DA779E0010853C /* coptest.PNG in Resources */,
				352ADE7A19DA779E0010853C /* Seattle-police-shield.png in Resources */,
				5C14EE4119CE1405001295D0 /* InfoPlist.strings in Resources */,
				352ADE7719DA779E0010853C /* everycopLogo.png in Resources */,
				5C14EE4A19CE1405001295D0 /* Main.storyboard in Resources */,
				352ADE7B19DA779E0010853C /* Twitter_logo_blue.png in Resources */,
			);
			runOnlyForDeploymentPostprocessing = 0;
		};
/* End PBXResourcesBuildPhase section */

/* Begin PBXSourcesBuildPhase section */
		5C14EE2F19CE1405001295D0 /* Sources */ = {
			isa = PBXSourcesBuildPhase;
			buildActionMask = 2147483647;
			files = (
				5C14EE4D19CE1405001295D0 /* LandingPageViewController.m in Sources */,
				5C14EE7819CE4533001295D0 /* IncidentSubmissionViewController.m in Sources */,
				5C14EE7519CE31BB001295D0 /* LandingPageListTableViewCell.m in Sources */,
				5C34D56219CE971800D0D0BB /* IncidentReportViewController.m in Sources */,
				5C14EE4719CE1405001295D0 /* AppDelegate.m in Sources */,
				35B3776F19CE95B500255543 /* LandingPageMapPinView.m in Sources */,
				35E9105619CF36D2004D6078 /* SplashScreenViewController.m in Sources */,
				5C14EE4319CE1405001295D0 /* main.m in Sources */,
				5C34D56519CEA5EB00D0D0BB /* CopReportViewController.m in Sources */,
			);
			runOnlyForDeploymentPostprocessing = 0;
		};
/* End PBXSourcesBuildPhase section */

/* Begin PBXVariantGroup section */
		5C14EE3F19CE1405001295D0 /* InfoPlist.strings */ = {
			isa = PBXVariantGroup;
			children = (
				5C14EE4019CE1405001295D0 /* en */,
			);
			name = InfoPlist.strings;
			sourceTree = "<group>";
		};
		5C14EE4819CE1405001295D0 /* Main.storyboard */ = {
			isa = PBXVariantGroup;
			children = (
				5C14EE4919CE1405001295D0 /* Base */,
			);
			name = Main.storyboard;
			sourceTree = "<group>";
		};
/* End PBXVariantGroup section */

/* Begin XCBuildConfiguration section */
		5C14EE6319CE1406001295D0 /* Debug */ = {
			isa = XCBuildConfiguration;
			buildSettings = {
				ALWAYS_SEARCH_USER_PATHS = NO;
				CLANG_CXX_LANGUAGE_STANDARD = "gnu++0x";
				CLANG_CXX_LIBRARY = "libc++";
				CLANG_ENABLE_MODULES = YES;
				CLANG_ENABLE_OBJC_ARC = YES;
				CLANG_WARN_BOOL_CONVERSION = YES;
				CLANG_WARN_CONSTANT_CONVERSION = YES;
				CLANG_WARN_DIRECT_OBJC_ISA_USAGE = YES_ERROR;
				CLANG_WARN_EMPTY_BODY = YES;
				CLANG_WARN_ENUM_CONVERSION = YES;
				CLANG_WARN_INT_CONVERSION = YES;
				CLANG_WARN_OBJC_ROOT_CLASS = YES_ERROR;
				CLANG_WARN__DUPLICATE_METHOD_MATCH = YES;
				"CODE_SIGN_IDENTITY[sdk=iphoneos*]" = "iPhone Developer";
				COPY_PHASE_STRIP = NO;
				GCC_C_LANGUAGE_STANDARD = gnu99;
				GCC_DYNAMIC_NO_PIC = NO;
				GCC_OPTIMIZATION_LEVEL = 0;
				GCC_PREPROCESSOR_DEFINITIONS = (
					"DEBUG=1",
					"$(inherited)",
				);
				GCC_SYMBOLS_PRIVATE_EXTERN = NO;
				GCC_WARN_64_TO_32_BIT_CONVERSION = YES;
				GCC_WARN_ABOUT_RETURN_TYPE = YES_ERROR;
				GCC_WARN_UNDECLARED_SELECTOR = YES;
				GCC_WARN_UNINITIALIZED_AUTOS = YES_AGGRESSIVE;
				GCC_WARN_UNUSED_FUNCTION = YES;
				GCC_WARN_UNUSED_VARIABLE = YES;
				IPHONEOS_DEPLOYMENT_TARGET = 7.1;
				ONLY_ACTIVE_ARCH = YES;
				SDKROOT = iphoneos;
			};
			name = Debug;
		};
		5C14EE6419CE1406001295D0 /* Release */ = {
			isa = XCBuildConfiguration;
			buildSettings = {
				ALWAYS_SEARCH_USER_PATHS = NO;
				CLANG_CXX_LANGUAGE_STANDARD = "gnu++0x";
				CLANG_CXX_LIBRARY = "libc++";
				CLANG_ENABLE_MODULES = YES;
				CLANG_ENABLE_OBJC_ARC = YES;
				CLANG_WARN_BOOL_CONVERSION = YES;
				CLANG_WARN_CONSTANT_CONVERSION = YES;
				CLANG_WARN_DIRECT_OBJC_ISA_USAGE = YES_ERROR;
				CLANG_WARN_EMPTY_BODY = YES;
				CLANG_WARN_ENUM_CONVERSION = YES;
				CLANG_WARN_INT_CONVERSION = YES;
				CLANG_WARN_OBJC_ROOT_CLASS = YES_ERROR;
				CLANG_WARN__DUPLICATE_METHOD_MATCH = YES;
				"CODE_SIGN_IDENTITY[sdk=iphoneos*]" = "iPhone Developer";
				COPY_PHASE_STRIP = YES;
				ENABLE_NS_ASSERTIONS = NO;
				GCC_C_LANGUAGE_STANDARD = gnu99;
				GCC_WARN_64_TO_32_BIT_CONVERSION = YES;
				GCC_WARN_ABOUT_RETURN_TYPE = YES_ERROR;
				GCC_WARN_UNDECLARED_SELECTOR = YES;
				GCC_WARN_UNINITIALIZED_AUTOS = YES_AGGRESSIVE;
				GCC_WARN_UNUSED_FUNCTION = YES;
				GCC_WARN_UNUSED_VARIABLE = YES;
				IPHONEOS_DEPLOYMENT_TARGET = 7.1;
				SDKROOT = iphoneos;
				VALIDATE_PRODUCT = YES;
			};
			name = Release;
		};
		5C14EE6619CE1406001295D0 /* Debug */ = {
			isa = XCBuildConfiguration;
			buildSettings = {
				ASSETCATALOG_COMPILER_APPICON_NAME = AppIcon;
				ASSETCATALOG_COMPILER_LAUNCHIMAGE_NAME = LaunchImage;
				CODE_SIGN_IDENTITY = "iPhone Developer: Yuna Serra (7LBMG6DT25)";
				"CODE_SIGN_IDENTITY[sdk=iphoneos*]" = "iPhone Developer: Yuna Serra (7LBMG6DT25)";
				FRAMEWORK_SEARCH_PATHS = (
					"$(inherited)",
					"$(PROJECT_DIR)",
					/Users/dagabe14/Documents/FacebookSDK,
					"/Users/dagabe14/Downloads/parse-library-1.4.0",
				);
				GCC_PRECOMPILE_PREFIX_HEADER = YES;
				GCC_PREFIX_HEADER = "EveryCop/EveryCop-Prefix.pch";
				INFOPLIST_FILE = "EveryCop/EveryCop-Info.plist";
				IPHONEOS_DEPLOYMENT_TARGET = 6.0;
				PRODUCT_NAME = "$(TARGET_NAME)";
				PROVISIONING_PROFILE = "";
				WRAPPER_EXTENSION = app;
			};
			name = Debug;
		};
		5C14EE6719CE1406001295D0 /* Release */ = {
			isa = XCBuildConfiguration;
			buildSettings = {
				ASSETCATALOG_COMPILER_APPICON_NAME = AppIcon;
				ASSETCATALOG_COMPILER_LAUNCHIMAGE_NAME = LaunchImage;
				CODE_SIGN_IDENTITY = "iPhone Developer: Yuna Serra (7LBMG6DT25)";
				"CODE_SIGN_IDENTITY[sdk=iphoneos*]" = "iPhone Developer: Yuna Serra (7LBMG6DT25)";
				FRAMEWORK_SEARCH_PATHS = (
					"$(inherited)",
					/Users/dagabe14/Documents/FacebookSDK,
					"/Users/dagabe14/Downloads/parse-library-1.4.0",
					"$(PROJECT_DIR)",
				);
				GCC_PRECOMPILE_PREFIX_HEADER = YES;
				GCC_PREFIX_HEADER = "EveryCop/EveryCop-Prefix.pch";
				INFOPLIST_FILE = "EveryCop/EveryCop-Info.plist";
				IPHONEOS_DEPLOYMENT_TARGET = 6.0;
				PRODUCT_NAME = "$(TARGET_NAME)";
				PROVISIONING_PROFILE = "";
				WRAPPER_EXTENSION = app;
			};
			name = Release;
		};
/* End XCBuildConfiguration section */

/* Begin XCConfigurationList section */
		5C14EE2E19CE1405001295D0 /* Build configuration list for PBXProject "EveryCop" */ = {
			isa = XCConfigurationList;
			buildConfigurations = (
				5C14EE6319CE1406001295D0 /* Debug */,
				5C14EE6419CE1406001295D0 /* Release */,
			);
			defaultConfigurationIsVisible = 0;
			defaultConfigurationName = Release;
		};
		5C14EE6519CE1406001295D0 /* Build configuration list for PBXNativeTarget "EveryCop" */ = {
			isa = XCConfigurationList;
			buildConfigurations = (
				5C14EE6619CE1406001295D0 /* Debug */,
				5C14EE6719CE1406001295D0 /* Release */,
			);
			defaultConfigurationIsVisible = 0;
			defaultConfigurationName = Release;
		};
/* End XCConfigurationList section */
	};
	rootObject = 5C14EE2B19CE1405001295D0 /* Project object */;
}
